// !$*UTF8*$!
{
	archiveVersion = 1;
	classes = {
	};
	objectVersion = 48;
	objects = {

/* Begin PBXBuildFile section */
		18FD57FB2169C4B10095DC9F /* AppDelegate.m in Sources */ = {isa = PBXBuildFile; fileRef = 18FD57FA2169C4B10095DC9F /* AppDelegate.m */; };
		18FD57FE2169C4B10095DC9F /* ViewController.m in Sources */ = {isa = PBXBuildFile; fileRef = 18FD57FD2169C4B10095DC9F /* ViewController.m */; };
		18FD58002169C4B10095DC9F /* Assets.xcassets in Resources */ = {isa = PBXBuildFile; fileRef = 18FD57FF2169C4B10095DC9F /* Assets.xcassets */; };
		18FD58032169C4B10095DC9F /* Main.storyboard in Resources */ = {isa = PBXBuildFile; fileRef = 18FD58012169C4B10095DC9F /* Main.storyboard */; };
		18FD58062169C4B10095DC9F /* main.m in Sources */ = {isa = PBXBuildFile; fileRef = 18FD58052169C4B10095DC9F /* main.m */; };
		18FD58222169C5680095DC9F /* kvtree.c in Sources */ = {isa = PBXBuildFile; fileRef = 18FD580F2169C5680095DC9F /* kvtree.c */; };
		18FD58232169C5680095DC9F /* kvtree_err.c in Sources */ = {isa = PBXBuildFile; fileRef = 18FD58122169C5680095DC9F /* kvtree_err.c */; };
		18FD58242169C5680095DC9F /* kvtree_helpers.c in Sources */ = {isa = PBXBuildFile; fileRef = 18FD58142169C5680095DC9F /* kvtree_helpers.c */; };
		18FD58252169C5680095DC9F /* kvtree_io.c in Sources */ = {isa = PBXBuildFile; fileRef = 18FD58162169C5680095DC9F /* kvtree_io.c */; };
		18FD58292169C5680095DC9F /* kvtree_util.c in Sources */ = {isa = PBXBuildFile; fileRef = 18FD581C2169C5680095DC9F /* kvtree_util.c */; };
		18FD582A2169C5680095DC9F /* tv_data_display.c in Sources */ = {isa = PBXBuildFile; fileRef = 18FD581F2169C5680095DC9F /* tv_data_display.c */; };
/* End PBXBuildFile section */

/* Begin PBXFileReference section */
		18FD57F62169C4B10095DC9F /* KVTree.app */ = {isa = PBXFileReference; explicitFileType = wrapper.application; includeInIndex = 0; path = KVTree.app; sourceTree = BUILT_PRODUCTS_DIR; };
		18FD57F92169C4B10095DC9F /* AppDelegate.h */ = {isa = PBXFileReference; lastKnownFileType = sourcecode.c.h; path = AppDelegate.h; sourceTree = "<group>"; };
		18FD57FA2169C4B10095DC9F /* AppDelegate.m */ = {isa = PBXFileReference; lastKnownFileType = sourcecode.c.objc; path = AppDelegate.m; sourceTree = "<group>"; };
		18FD57FC2169C4B10095DC9F /* ViewController.h */ = {isa = PBXFileReference; lastKnownFileType = sourcecode.c.h; path = ViewController.h; sourceTree = "<group>"; };
		18FD57FD2169C4B10095DC9F /* ViewController.m */ = {isa = PBXFileReference; lastKnownFileType = sourcecode.c.objc; path = ViewController.m; sourceTree = "<group>"; };
		18FD57FF2169C4B10095DC9F /* Assets.xcassets */ = {isa = PBXFileReference; lastKnownFileType = folder.assetcatalog; path = Assets.xcassets; sourceTree = "<group>"; };
		18FD58022169C4B10095DC9F /* Base */ = {isa = PBXFileReference; lastKnownFileType = file.storyboard; name = Base; path = Base.lproj/Main.storyboard; sourceTree = "<group>"; };
		18FD58042169C4B10095DC9F /* Info.plist */ = {isa = PBXFileReference; lastKnownFileType = text.plist.xml; path = Info.plist; sourceTree = "<group>"; };
		18FD58052169C4B10095DC9F /* main.m */ = {isa = PBXFileReference; lastKnownFileType = sourcecode.c.objc; path = main.m; sourceTree = "<group>"; };
		18FD58072169C4B10095DC9F /* KVTree.entitlements */ = {isa = PBXFileReference; lastKnownFileType = text.plist.entitlements; path = KVTree.entitlements; sourceTree = "<group>"; };
		18FD580F2169C5680095DC9F /* kvtree.c */ = {isa = PBXFileReference; fileEncoding = 4; lastKnownFileType = sourcecode.c.c; path = kvtree.c; sourceTree = "<group>"; };
		18FD58102169C5680095DC9F /* kvtree.h */ = {isa = PBXFileReference; fileEncoding = 4; lastKnownFileType = sourcecode.c.h; path = kvtree.h; sourceTree = "<group>"; };
		18FD58112169C5680095DC9F /* kvtree_byteswap.h */ = {isa = PBXFileReference; fileEncoding = 4; lastKnownFileType = sourcecode.c.h; path = kvtree_byteswap.h; sourceTree = "<group>"; };
		18FD58122169C5680095DC9F /* kvtree_err.c */ = {isa = PBXFileReference; fileEncoding = 4; lastKnownFileType = sourcecode.c.c; path = kvtree_err.c; sourceTree = "<group>"; };
		18FD58132169C5680095DC9F /* kvtree_err.h */ = {isa = PBXFileReference; fileEncoding = 4; lastKnownFileType = sourcecode.c.h; path = kvtree_err.h; sourceTree = "<group>"; };
		18FD58142169C5680095DC9F /* kvtree_helpers.c */ = {isa = PBXFileReference; fileEncoding = 4; lastKnownFileType = sourcecode.c.c; path = kvtree_helpers.c; sourceTree = "<group>"; };
		18FD58152169C5680095DC9F /* kvtree_helpers.h */ = {isa = PBXFileReference; fileEncoding = 4; lastKnownFileType = sourcecode.c.h; path = kvtree_helpers.h; sourceTree = "<group>"; };
		18FD58162169C5680095DC9F /* kvtree_io.c */ = {isa = PBXFileReference; fileEncoding = 4; lastKnownFileType = sourcecode.c.c; path = kvtree_io.c; sourceTree = "<group>"; };
		18FD58172169C5680095DC9F /* kvtree_io.h */ = {isa = PBXFileReference; fileEncoding = 4; lastKnownFileType = sourcecode.c.h; path = kvtree_io.h; sourceTree = "<group>"; };
		18FD581C2169C5680095DC9F /* kvtree_util.c */ = {isa = PBXFileReference; fileEncoding = 4; lastKnownFileType = sourcecode.c.c; path = kvtree_util.c; sourceTree = "<group>"; };
		18FD581D2169C5680095DC9F /* kvtree_util.h */ = {isa = PBXFileReference; fileEncoding = 4; lastKnownFileType = sourcecode.c.h; path = kvtree_util.h; sourceTree = "<group>"; };
		18FD581E2169C5680095DC9F /* queue.h */ = {isa = PBXFileReference; fileEncoding = 4; lastKnownFileType = sourcecode.c.h; path = queue.h; sourceTree = "<group>"; };
		18FD581F2169C5680095DC9F /* tv_data_display.c */ = {isa = PBXFileReference; fileEncoding = 4; lastKnownFileType = sourcecode.c.c; path = tv_data_display.c; sourceTree = "<group>"; };
		18FD58202169C5680095DC9F /* tv_data_display.h */ = {isa = PBXFileReference; fileEncoding = 4; lastKnownFileType = sourcecode.c.h; path = tv_data_display.h; sourceTree = "<group>"; };
		18FD582B2169CB480095DC9F /* config.h */ = {isa = PBXFileReference; fileEncoding = 4; lastKnownFileType = sourcecode.c.h; path = config.h; sourceTree = "<group>"; };
/* End PBXFileReference section */

/* Begin PBXFrameworksBuildPhase section */
		18FD57F32169C4B10095DC9F /* Frameworks */ = {
			isa = PBXFrameworksBuildPhase;
			buildActionMask = 2147483647;
			files = (
			);
			runOnlyForDeploymentPostprocessing = 0;
		};
/* End PBXFrameworksBuildPhase section */

/* Begin PBXGroup section */
		18FD57ED2169C4B00095DC9F = {
			isa = PBXGroup;
			children = (
				18FD57F82169C4B10095DC9F /* KVTree */,
				18FD57F72169C4B10095DC9F /* Products */,
			);
			sourceTree = "<group>";
		};
		18FD57F72169C4B10095DC9F /* Products */ = {
			isa = PBXGroup;
			children = (
				18FD57F62169C4B10095DC9F /* KVTree.app */,
			);
			name = Products;
			sourceTree = "<group>";
		};
		18FD57F82169C4B10095DC9F /* KVTree */ = {
			isa = PBXGroup;
			children = (
				18FD582B2169CB480095DC9F /* config.h */,
				18FD580D2169C5680095DC9F /* src */,
				18FD57F92169C4B10095DC9F /* AppDelegate.h */,
				18FD57FA2169C4B10095DC9F /* AppDelegate.m */,
				18FD57FC2169C4B10095DC9F /* ViewController.h */,
				18FD57FD2169C4B10095DC9F /* ViewController.m */,
				18FD57FF2169C4B10095DC9F /* Assets.xcassets */,
				18FD58012169C4B10095DC9F /* Main.storyboard */,
				18FD58042169C4B10095DC9F /* Info.plist */,
				18FD58052169C4B10095DC9F /* main.m */,
				18FD58072169C4B10095DC9F /* KVTree.entitlements */,
			);
			path = KVTree;
			sourceTree = "<group>";
		};
		18FD580D2169C5680095DC9F /* src */ = {
			isa = PBXGroup;
			children = (
				18FD580F2169C5680095DC9F /* kvtree.c */,
				18FD58102169C5680095DC9F /* kvtree.h */,
				18FD58112169C5680095DC9F /* kvtree_byteswap.h */,
				18FD58122169C5680095DC9F /* kvtree_err.c */,
				18FD58132169C5680095DC9F /* kvtree_err.h */,
				18FD58142169C5680095DC9F /* kvtree_helpers.c */,
				18FD58152169C5680095DC9F /* kvtree_helpers.h */,
				18FD58162169C5680095DC9F /* kvtree_io.c */,
				18FD58172169C5680095DC9F /* kvtree_io.h */,
				18FD581C2169C5680095DC9F /* kvtree_util.c */,
				18FD581D2169C5680095DC9F /* kvtree_util.h */,
				18FD581E2169C5680095DC9F /* queue.h */,
				18FD581F2169C5680095DC9F /* tv_data_display.c */,
				18FD58202169C5680095DC9F /* tv_data_display.h */,
			);
			path = src;
			sourceTree = "<group>";
		};
/* End PBXGroup section */

/* Begin PBXNativeTarget section */
		18FD57F52169C4B10095DC9F /* KVTree */ = {
			isa = PBXNativeTarget;
			buildConfigurationList = 18FD580A2169C4B10095DC9F /* Build configuration list for PBXNativeTarget "KVTree" */;
			buildPhases = (
				18FD57F22169C4B10095DC9F /* Sources */,
				18FD57F32169C4B10095DC9F /* Frameworks */,
				18FD57F42169C4B10095DC9F /* Resources */,
			);
			buildRules = (
			);
			dependencies = (
			);
			name = KVTree;
			productName = KVTree;
			productReference = 18FD57F62169C4B10095DC9F /* KVTree.app */;
			productType = "com.apple.product-type.application";
		};
/* End PBXNativeTarget section */

/* Begin PBXProject section */
		18FD57EE2169C4B00095DC9F /* Project object */ = {
			isa = PBXProject;
			attributes = {
				LastUpgradeCheck = 0920;
				ORGANIZATIONNAME = "CC | ccworld1000@gmail.com";
				TargetAttributes = {
					18FD57F52169C4B10095DC9F = {
						CreatedOnToolsVersion = 9.2;
						ProvisioningStyle = Automatic;
					};
				};
			};
			buildConfigurationList = 18FD57F12169C4B00095DC9F /* Build configuration list for PBXProject "KVTree" */;
			compatibilityVersion = "Xcode 8.0";
			developmentRegion = en;
			hasScannedForEncodings = 0;
			knownRegions = (
				en,
				Base,
			);
			mainGroup = 18FD57ED2169C4B00095DC9F;
			productRefGroup = 18FD57F72169C4B10095DC9F /* Products */;
			projectDirPath = "";
			projectRoot = "";
			targets = (
				18FD57F52169C4B10095DC9F /* KVTree */,
			);
		};
/* End PBXProject section */

/* Begin PBXResourcesBuildPhase section */
		18FD57F42169C4B10095DC9F /* Resources */ = {
			isa = PBXResourcesBuildPhase;
			buildActionMask = 2147483647;
			files = (
				18FD58002169C4B10095DC9F /* Assets.xcassets in Resources */,
				18FD58032169C4B10095DC9F /* Main.storyboard in Resources */,
			);
			runOnlyForDeploymentPostprocessing = 0;
		};
/* End PBXResourcesBuildPhase section */

/* Begin PBXSourcesBuildPhase section */
		18FD57F22169C4B10095DC9F /* Sources */ = {
			isa = PBXSourcesBuildPhase;
			buildActionMask = 2147483647;
			files = (
				18FD57FE2169C4B10095DC9F /* ViewController.m in Sources */,
				18FD58252169C5680095DC9F /* kvtree_io.c in Sources */,
				18FD582A2169C5680095DC9F /* tv_data_display.c in Sources */,
				18FD58292169C5680095DC9F /* kvtree_util.c in Sources */,
				18FD58062169C4B10095DC9F /* main.m in Sources */,
				18FD58222169C5680095DC9F /* kvtree.c in Sources */,
				18FD57FB2169C4B10095DC9F /* AppDelegate.m in Sources */,
				18FD58242169C5680095DC9F /* kvtree_helpers.c in Sources */,
				18FD58232169C5680095DC9F /* kvtree_err.c in Sources */,
			);
			runOnlyForDeploymentPostprocessing = 0;
		};
/* End PBXSourcesBuildPhase section */

/* Begin PBXVariantGroup section */
		18FD58012169C4B10095DC9F /* Main.storyboard */ = {
			isa = PBXVariantGroup;
			children = (
				18FD58022169C4B10095DC9F /* Base */,
			);
			name = Main.storyboard;
			sourceTree = "<group>";
		};
/* End PBXVariantGroup section */

/* Begin XCBuildConfiguration section */
		18FD58082169C4B10095DC9F /* Debug */ = {
			isa = XCBuildConfiguration;
			buildSettings = {
				ALWAYS_SEARCH_USER_PATHS = NO;
				CLANG_ANALYZER_NONNULL = YES;
				CLANG_ANALYZER_NUMBER_OBJECT_CONVERSION = YES_AGGRESSIVE;
				CLANG_CXX_LANGUAGE_STANDARD = "gnu++14";
				CLANG_CXX_LIBRARY = "libc++";
				CLANG_ENABLE_MODULES = YES;
				CLANG_ENABLE_OBJC_ARC = YES;
				CLANG_WARN_BLOCK_CAPTURE_AUTORELEASING = YES;
				CLANG_WARN_BOOL_CONVERSION = YES;
				CLANG_WARN_COMMA = YES;
				CLANG_WARN_CONSTANT_CONVERSION = YES;
				CLANG_WARN_DIRECT_OBJC_ISA_USAGE = YES_ERROR;
				CLANG_WARN_DOCUMENTATION_COMMENTS = YES;
				CLANG_WARN_EMPTY_BODY = YES;
				CLANG_WARN_ENUM_CONVERSION = YES;
				CLANG_WARN_INFINITE_RECURSION = YES;
				CLANG_WARN_INT_CONVERSION = YES;
				CLANG_WARN_NON_LITERAL_NULL_CONVERSION = YES;
				CLANG_WARN_OBJC_LITERAL_CONVERSION = YES;
				CLANG_WARN_OBJC_ROOT_CLASS = YES_ERROR;
				CLANG_WARN_RANGE_LOOP_ANALYSIS = YES;
				CLANG_WARN_STRICT_PROTOTYPES = YES;
				CLANG_WARN_SUSPICIOUS_MOVE = YES;
				CLANG_WARN_UNGUARDED_AVAILABILITY = YES_AGGRESSIVE;
				CLANG_WARN_UNREACHABLE_CODE = YES;
				CLANG_WARN__DUPLICATE_METHOD_MATCH = YES;
				CODE_SIGN_IDENTITY = "-";
				COPY_PHASE_STRIP = NO;
				DEBUG_INFORMATION_FORMAT = dwarf;
				ENABLE_STRICT_OBJC_MSGSEND = YES;
				ENABLE_TESTABILITY = YES;
				GCC_C_LANGUAGE_STANDARD = gnu11;
				GCC_DYNAMIC_NO_PIC = NO;
				GCC_NO_COMMON_BLOCKS = YES;
				GCC_OPTIMIZATION_LEVEL = 0;
				GCC_PREPROCESSOR_DEFINITIONS = (
					"DEBUG=1",
					"$(inherited)",
				);
				GCC_WARN_64_TO_32_BIT_CONVERSION = YES;
				GCC_WARN_ABOUT_RETURN_TYPE = YES_ERROR;
				GCC_WARN_UNDECLARED_SELECTOR = YES;
				GCC_WARN_UNINITIALIZED_AUTOS = YES_AGGRESSIVE;
				GCC_WARN_UNUSED_FUNCTION = YES;
				GCC_WARN_UNUSED_VARIABLE = YES;
				MACOSX_DEPLOYMENT_TARGET = 10.13;
				MTL_ENABLE_DEBUG_INFO = YES;
				ONLY_ACTIVE_ARCH = YES;
				SDKROOT = macosx;
			};
			name = Debug;
		};
		18FD58092169C4B10095DC9F /* Release */ = {
			isa = XCBuildConfiguration;
			buildSettings = {
				ALWAYS_SEARCH_USER_PATHS = NO;
				CLANG_ANALYZER_NONNULL = YES;
				CLANG_ANALYZER_NUMBER_OBJECT_CONVERSION = YES_AGGRESSIVE;
				CLANG_CXX_LANGUAGE_STANDARD = "gnu++14";
				CLANG_CXX_LIBRARY = "libc++";
				CLANG_ENABLE_MODULES = YES;
				CLANG_ENABLE_OBJC_ARC = YES;
				CLANG_WARN_BLOCK_CAPTURE_AUTORELEASING = YES;
				CLANG_WARN_BOOL_CONVERSION = YES;
				CLANG_WARN_COMMA = YES;
				CLANG_WARN_CONSTANT_CONVERSION = YES;
				CLANG_WARN_DIRECT_OBJC_ISA_USAGE = YES_ERROR;
				CLANG_WARN_DOCUMENTATION_COMMENTS = YES;
				CLANG_WARN_EMPTY_BODY = YES;
				CLANG_WARN_ENUM_CONVERSION = YES;
				CLANG_WARN_INFINITE_RECURSION = YES;
				CLANG_WARN_INT_CONVERSION = YES;
				CLANG_WARN_NON_LITERAL_NULL_CONVERSION = YES;
				CLANG_WARN_OBJC_LITERAL_CONVERSION = YES;
				CLANG_WARN_OBJC_ROOT_CLASS = YES_ERROR;
				CLANG_WARN_RANGE_LOOP_ANALYSIS = YES;
				CLANG_WARN_STRICT_PROTOTYPES = YES;
				CLANG_WARN_SUSPICIOUS_MOVE = YES;
				CLANG_WARN_UNGUARDED_AVAILABILITY = YES_AGGRESSIVE;
				CLANG_WARN_UNREACHABLE_CODE = YES;
				CLANG_WARN__DUPLICATE_METHOD_MATCH = YES;
				CODE_SIGN_IDENTITY = "-";
				COPY_PHASE_STRIP = NO;
				DEBUG_INFORMATION_FORMAT = "dwarf-with-dsym";
				ENABLE_NS_ASSERTIONS = NO;
				ENABLE_STRICT_OBJC_MSGSEND = YES;
				GCC_C_LANGUAGE_STANDARD = gnu11;
				GCC_NO_COMMON_BLOCKS = YES;
				GCC_WARN_64_TO_32_BIT_CONVERSION = YES;
				GCC_WARN_ABOUT_RETURN_TYPE = YES_ERROR;
				GCC_WARN_UNDECLARED_SELECTOR = YES;
				GCC_WARN_UNINITIALIZED_AUTOS = YES_AGGRESSIVE;
				GCC_WARN_UNUSED_FUNCTION = YES;
				GCC_WARN_UNUSED_VARIABLE = YES;
				MACOSX_DEPLOYMENT_TARGET = 10.13;
				MTL_ENABLE_DEBUG_INFO = NO;
				SDKROOT = macosx;
			};
			name = Release;
		};
		18FD580B2169C4B10095DC9F /* Debug */ = {
			isa = XCBuildConfiguration;
			buildSettings = {
				ASSETCATALOG_COMPILER_APPICON_NAME = AppIcon;
				CODE_SIGN_ENTITLEMENTS = KVTree/KVTree.entitlements;
				CODE_SIGN_STYLE = Automatic;
				COMBINE_HIDPI_IMAGES = YES;
				INFOPLIST_FILE = KVTree/Info.plist;
				LD_RUNPATH_SEARCH_PATHS = "$(inherited) @executable_path/../Frameworks";
				PRODUCT_BUNDLE_IDENTIFIER = com.cc..KVTree;
				PRODUCT_NAME = "$(TARGET_NAME)";
			};
			name = Debug;
		};
		18FD580C2169C4B10095DC9F /* Release */ = {
			isa = XCBuildConfiguration;
			buildSettings = {
				ASSETCATALOG_COMPILER_APPICON_NAME = AppIcon;
				CODE_SIGN_ENTITLEMENTS = KVTree/KVTree.entitlements;
				CODE_SIGN_STYLE = Automatic;
				COMBINE_HIDPI_IMAGES = YES;
				INFOPLIST_FILE = KVTree/Info.plist;
				LD_RUNPATH_SEARCH_PATHS = "$(inherited) @executable_path/../Frameworks";
				PRODUCT_BUNDLE_IDENTIFIER = com.cc..KVTree;
				PRODUCT_NAME = "$(TARGET_NAME)";
			};
			name = Release;
		};
/* End XCBuildConfiguration section */

/* Begin XCConfigurationList section */
		18FD57F12169C4B00095DC9F /* Build configuration list for PBXProject "KVTree" */ = {
			isa = XCConfigurationList;
			buildConfigurations = (
				18FD58082169C4B10095DC9F /* Debug */,
				18FD58092169C4B10095DC9F /* Release */,
			);
			defaultConfigurationIsVisible = 0;
			defaultConfigurationName = Release;
		};
		18FD580A2169C4B10095DC9F /* Build configuration list for PBXNativeTarget "KVTree" */ = {
			isa = XCConfigurationList;
			buildConfigurations = (
				18FD580B2169C4B10095DC9F /* Debug */,
				18FD580C2169C4B10095DC9F /* Release */,
			);
			defaultConfigurationIsVisible = 0;
			defaultConfigurationName = Release;
		};
/* End XCConfigurationList section */
	};
	rootObject = 18FD57EE2169C4B00095DC9F /* Project object */;
}
